
Microsoft Visual Studio Solution File, Format Version 12.00
# Visual Studio Version 17
VisualStudioVersion = 17.5.002.0
MinimumVisualStudioVersion = 10.0.40219.1
Project("{9A19103F-16F7-4668-BE54-9A1E7A4F7556}") = "Latihan program PT XYZ", "Latihan program PT XYZ.csproj", "{A5E1DD76-D0F0-4530-8FE9-001C0DCA6758}"
EndProject
Global
	GlobalSection(SolutionConfigurationPlatforms) = preSolution
		Debug|Any CPU = Debug|Any CPU
		Release|Any CPU = Release|Any CPU
	EndGlobalSection
	GlobalSection(ProjectConfigurationPlatforms) = postSolution
		{A5E1DD76-D0F0-4530-8FE9-001C0DCA6758}.Debug|Any CPU.ActiveCfg = Debug|Any CPU
		{A5E1DD76-D0F0-4530-8FE9-001C0DCA6758}.Debug|Any CPU.Build.0 = Debug|Any CPU
		{A5E1DD76-D0F0-4530-8FE9-001C0DCA6758}.Release|Any CPU.ActiveCfg = Release|Any CPU
		{A5E1DD76-D0F0-4530-8FE9-001C0DCA6758}.Release|Any CPU.Build.0 = Release|Any CPU
	EndGlobalSection
	GlobalSection(SolutionProperties) = preSolution
		HideSolutionNode = FALSE
	EndGlobalSection
	GlobalSection(ExtensibilityGlobals) = postSolution
		SolutionGuid = {7C93ABCD-17E4-4D68-8B84-F5328048B88E}
	EndGlobalSection
EndGlobal
